// !$*UTF8*$!
{
	archiveVersion = 1;
	classes = {
	};
	objectVersion = 46;
	objects = {

/* Begin PBXBuildFile section */
		E83EC3501BA4B48C00925856 /* AppDelegate.swift in Sources */ = {isa = PBXBuildFile; fileRef = E83EC34F1BA4B48C00925856 /* AppDelegate.swift */; };
		E83EC3521BA4B48C00925856 /* ViewController.swift in Sources */ = {isa = PBXBuildFile; fileRef = E83EC3511BA4B48C00925856 /* ViewController.swift */; };
		E83EC3551BA4B48C00925856 /* Main.storyboard in Resources */ = {isa = PBXBuildFile; fileRef = E83EC3531BA4B48C00925856 /* Main.storyboard */; };
		E83EC35A1BA4B48C00925856 /* LaunchScreen.storyboard in Resources */ = {isa = PBXBuildFile; fileRef = E83EC3581BA4B48C00925856 /* LaunchScreen.storyboard */; };
		E83EC3651BA4B48C00925856 /* DroppedDOMsTests.swift in Sources */ = {isa = PBXBuildFile; fileRef = E83EC3641BA4B48C00925856 /* DroppedDOMsTests.swift */; };
		E83EC3701BA4B48C00925856 /* DroppedDOMsUITests.swift in Sources */ = {isa = PBXBuildFile; fileRef = E83EC36F1BA4B48C00925856 /* DroppedDOMsUITests.swift */; };
		E83EC3811BA4B59700925856 /* Keychain.swift in Sources */ = {isa = PBXBuildFile; fileRef = E83EC37F1BA4B59700925856 /* Keychain.swift */; };
		E83EC3821BA4B59700925856 /* LiveAPI.swift in Sources */ = {isa = PBXBuildFile; fileRef = E83EC3801BA4B59700925856 /* LiveAPI.swift */; };
		E83EC3841BA4B5B000925856 /* DroppedDOMs.swift in Sources */ = {isa = PBXBuildFile; fileRef = E83EC3831BA4B5B000925856 /* DroppedDOMs.swift */; };
		E83EC3871BA4B5D600925856 /* LiveAPITests.swift in Sources */ = {isa = PBXBuildFile; fileRef = E83EC3851BA4B5D600925856 /* LiveAPITests.swift */; };
		E83EC3881BA4B5D600925856 /* RestAPITests.swift in Sources */ = {isa = PBXBuildFile; fileRef = E83EC3861BA4B5D600925856 /* RestAPITests.swift */; };
		E83EC38A1BA4BF7000925856 /* TestUtil.swift in Sources */ = {isa = PBXBuildFile; fileRef = E83EC3891BA4BF7000925856 /* TestUtil.swift */; };
		E88067221C15FD0A008D2C50 /* Default-568h@2x.png in Resources */ = {isa = PBXBuildFile; fileRef = E88067071C15FD0A008D2C50 /* Default-568h@2x.png */; };
		E88067231C15FD0A008D2C50 /* Default-Landscape-1536h in Resources */ = {isa = PBXBuildFile; fileRef = E88067081C15FD0A008D2C50 /* Default-Landscape-1536h */; };
		E88067241C15FD0A008D2C50 /* Default-Landscape-768h in Resources */ = {isa = PBXBuildFile; fileRef = E88067091C15FD0A008D2C50 /* Default-Landscape-768h */; };
		E88067251C15FD0A008D2C50 /* Default-Landscape.png in Resources */ = {isa = PBXBuildFile; fileRef = E880670A1C15FD0A008D2C50 /* Default-Landscape.png */; };
		E88067261C15FD0A008D2C50 /* Default-Landscape@2x.png in Resources */ = {isa = PBXBuildFile; fileRef = E880670B1C15FD0A008D2C50 /* Default-Landscape@2x.png */; };
		E88067271C15FD0A008D2C50 /* Default-Portrait-1024h in Resources */ = {isa = PBXBuildFile; fileRef = E880670C1C15FD0A008D2C50 /* Default-Portrait-1024h */; };
		E88067281C15FD0A008D2C50 /* Default-Portrait-2048h in Resources */ = {isa = PBXBuildFile; fileRef = E880670D1C15FD0A008D2C50 /* Default-Portrait-2048h */; };
		E88067291C15FD0A008D2C50 /* Default-Portrait.png in Resources */ = {isa = PBXBuildFile; fileRef = E880670E1C15FD0A008D2C50 /* Default-Portrait.png */; };
		E880672A1C15FD0A008D2C50 /* Default-Portrait@2x.png in Resources */ = {isa = PBXBuildFile; fileRef = E880670F1C15FD0A008D2C50 /* Default-Portrait@2x.png */; };
		E880672B1C15FD0A008D2C50 /* Default.png in Resources */ = {isa = PBXBuildFile; fileRef = E88067101C15FD0A008D2C50 /* Default.png */; };
		E880672C1C15FD0A008D2C50 /* Default@2x.png in Resources */ = {isa = PBXBuildFile; fileRef = E88067111C15FD0A008D2C50 /* Default@2x.png */; };
		E880672D1C15FD0A008D2C50 /* Icon-120.png in Resources */ = {isa = PBXBuildFile; fileRef = E88067131C15FD0A008D2C50 /* Icon-120.png */; };
		E880672E1C15FD0A008D2C50 /* Icon-152.png in Resources */ = {isa = PBXBuildFile; fileRef = E88067141C15FD0A008D2C50 /* Icon-152.png */; };
		E880672F1C15FD0A008D2C50 /* Icon-72.png in Resources */ = {isa = PBXBuildFile; fileRef = E88067151C15FD0A008D2C50 /* Icon-72.png */; };
		E88067301C15FD0A008D2C50 /* Icon-76.png in Resources */ = {isa = PBXBuildFile; fileRef = E88067161C15FD0A008D2C50 /* Icon-76.png */; };
		E88067311C15FD0A008D2C50 /* Icon-Small-100.png in Resources */ = {isa = PBXBuildFile; fileRef = E88067171C15FD0A008D2C50 /* Icon-Small-100.png */; };
		E88067321C15FD0A008D2C50 /* Icon-Small-50.png in Resources */ = {isa = PBXBuildFile; fileRef = E88067181C15FD0A008D2C50 /* Icon-Small-50.png */; };
		E88067331C15FD0A008D2C50 /* Icon-Small.png in Resources */ = {isa = PBXBuildFile; fileRef = E88067191C15FD0A008D2C50 /* Icon-Small.png */; };
		E88067341C15FD0A008D2C50 /* Icon-Small@2x.png in Resources */ = {isa = PBXBuildFile; fileRef = E880671A1C15FD0A008D2C50 /* Icon-Small@2x.png */; };
		E88067351C15FD0A008D2C50 /* Icon.png in Resources */ = {isa = PBXBuildFile; fileRef = E880671B1C15FD0A008D2C50 /* Icon.png */; };
		E88067361C15FD0A008D2C50 /* Icon@2x.png in Resources */ = {isa = PBXBuildFile; fileRef = E880671C1C15FD0A008D2C50 /* Icon@2x.png */; };
		E88067371C15FD0A008D2C50 /* Tab-bar-icon.png in Resources */ = {isa = PBXBuildFile; fileRef = E880671D1C15FD0A008D2C50 /* Tab-bar-icon.png */; };
		E88067381C15FD0A008D2C50 /* toolbar-icon.png in Resources */ = {isa = PBXBuildFile; fileRef = E880671E1C15FD0A008D2C50 /* toolbar-icon.png */; };
		E88067391C15FD0A008D2C50 /* iTunesArtwork in Resources */ = {isa = PBXBuildFile; fileRef = E88067201C15FD0A008D2C50 /* iTunesArtwork */; };
		E880673A1C15FD0A008D2C50 /* iTunesArtwork@2x in Resources */ = {isa = PBXBuildFile; fileRef = E88067211C15FD0A008D2C50 /* iTunesArtwork@2x */; };
		E880673C1C15FD2C008D2C50 /* Images.xcassets in Resources */ = {isa = PBXBuildFile; fileRef = E880673B1C15FD2C008D2C50 /* Images.xcassets */; };
/* End PBXBuildFile section */

/* Begin PBXContainerItemProxy section */
		E83EC3611BA4B48C00925856 /* PBXContainerItemProxy */ = {
			isa = PBXContainerItemProxy;
			containerPortal = E83EC3441BA4B48C00925856 /* Project object */;
			proxyType = 1;
			remoteGlobalIDString = E83EC34B1BA4B48C00925856;
			remoteInfo = DroppedDOMs;
		};
		E83EC36C1BA4B48C00925856 /* PBXContainerItemProxy */ = {
			isa = PBXContainerItemProxy;
			containerPortal = E83EC3441BA4B48C00925856 /* Project object */;
			proxyType = 1;
			remoteGlobalIDString = E83EC34B1BA4B48C00925856;
			remoteInfo = DroppedDOMs;
		};
/* End PBXContainerItemProxy section */

/* Begin PBXFileReference section */
		E83EC34C1BA4B48C00925856 /* DroppedDOMs.app */ = {isa = PBXFileReference; explicitFileType = wrapper.application; includeInIndex = 0; path = DroppedDOMs.app; sourceTree = BUILT_PRODUCTS_DIR; };
		E83EC34F1BA4B48C00925856 /* AppDelegate.swift */ = {isa = PBXFileReference; lastKnownFileType = sourcecode.swift; path = AppDelegate.swift; sourceTree = "<group>"; };
		E83EC3511BA4B48C00925856 /* ViewController.swift */ = {isa = PBXFileReference; lastKnownFileType = sourcecode.swift; path = ViewController.swift; sourceTree = "<group>"; };
		E83EC3541BA4B48C00925856 /* Base */ = {isa = PBXFileReference; lastKnownFileType = file.storyboard; name = Base; path = Base.lproj/Main.storyboard; sourceTree = "<group>"; };
		E83EC3591BA4B48C00925856 /* Base */ = {isa = PBXFileReference; lastKnownFileType = file.storyboard; name = Base; path = Base.lproj/LaunchScreen.storyboard; sourceTree = "<group>"; };
		E83EC35B1BA4B48C00925856 /* Info.plist */ = {isa = PBXFileReference; lastKnownFileType = text.plist.xml; path = Info.plist; sourceTree = "<group>"; };
		E83EC3601BA4B48C00925856 /* DroppedDOMsTests.xctest */ = {isa = PBXFileReference; explicitFileType = wrapper.cfbundle; includeInIndex = 0; path = DroppedDOMsTests.xctest; sourceTree = BUILT_PRODUCTS_DIR; };
		E83EC3641BA4B48C00925856 /* DroppedDOMsTests.swift */ = {isa = PBXFileReference; lastKnownFileType = sourcecode.swift; path = DroppedDOMsTests.swift; sourceTree = "<group>"; };
		E83EC3661BA4B48C00925856 /* Info.plist */ = {isa = PBXFileReference; lastKnownFileType = text.plist.xml; path = Info.plist; sourceTree = "<group>"; };
		E83EC36B1BA4B48C00925856 /* DroppedDOMsUITests.xctest */ = {isa = PBXFileReference; explicitFileType = wrapper.cfbundle; includeInIndex = 0; path = DroppedDOMsUITests.xctest; sourceTree = BUILT_PRODUCTS_DIR; };
		E83EC36F1BA4B48C00925856 /* DroppedDOMsUITests.swift */ = {isa = PBXFileReference; lastKnownFileType = sourcecode.swift; path = DroppedDOMsUITests.swift; sourceTree = "<group>"; };
		E83EC3711BA4B48C00925856 /* Info.plist */ = {isa = PBXFileReference; lastKnownFileType = text.plist.xml; path = Info.plist; sourceTree = "<group>"; };
		E83EC37F1BA4B59700925856 /* Keychain.swift */ = {isa = PBXFileReference; fileEncoding = 4; lastKnownFileType = sourcecode.swift; path = Keychain.swift; sourceTree = "<group>"; };
		E83EC3801BA4B59700925856 /* LiveAPI.swift */ = {isa = PBXFileReference; fileEncoding = 4; lastKnownFileType = sourcecode.swift; path = LiveAPI.swift; sourceTree = "<group>"; };
		E83EC3831BA4B5B000925856 /* DroppedDOMs.swift */ = {isa = PBXFileReference; fileEncoding = 4; lastKnownFileType = sourcecode.swift; path = DroppedDOMs.swift; sourceTree = "<group>"; };
		E83EC3851BA4B5D600925856 /* LiveAPITests.swift */ = {isa = PBXFileReference; fileEncoding = 4; lastKnownFileType = sourcecode.swift; path = LiveAPITests.swift; sourceTree = "<group>"; };
		E83EC3861BA4B5D600925856 /* RestAPITests.swift */ = {isa = PBXFileReference; fileEncoding = 4; lastKnownFileType = sourcecode.swift; path = RestAPITests.swift; sourceTree = "<group>"; };
		E83EC3891BA4BF7000925856 /* TestUtil.swift */ = {isa = PBXFileReference; fileEncoding = 4; lastKnownFileType = sourcecode.swift; path = TestUtil.swift; sourceTree = "<group>"; };
		E88067071C15FD0A008D2C50 /* Default-568h@2x.png */ = {isa = PBXFileReference; lastKnownFileType = image.png; path = "Default-568h@2x.png"; sourceTree = "<group>"; };
		E88067081C15FD0A008D2C50 /* Default-Landscape-1536h */ = {isa = PBXFileReference; lastKnownFileType = file; path = "Default-Landscape-1536h"; sourceTree = "<group>"; };
		E88067091C15FD0A008D2C50 /* Default-Landscape-768h */ = {isa = PBXFileReference; lastKnownFileType = file; path = "Default-Landscape-768h"; sourceTree = "<group>"; };
		E880670A1C15FD0A008D2C50 /* Default-Landscape.png */ = {isa = PBXFileReference; lastKnownFileType = image.png; path = "Default-Landscape.png"; sourceTree = "<group>"; };
		E880670B1C15FD0A008D2C50 /* Default-Landscape@2x.png */ = {isa = PBXFileReference; lastKnownFileType = image.png; path = "Default-Landscape@2x.png"; sourceTree = "<group>"; };
		E880670C1C15FD0A008D2C50 /* Default-Portrait-1024h */ = {isa = PBXFileReference; lastKnownFileType = file; path = "Default-Portrait-1024h"; sourceTree = "<group>"; };
		E880670D1C15FD0A008D2C50 /* Default-Portrait-2048h */ = {isa = PBXFileReference; lastKnownFileType = file; path = "Default-Portrait-2048h"; sourceTree = "<group>"; };
		E880670E1C15FD0A008D2C50 /* Default-Portrait.png */ = {isa = PBXFileReference; lastKnownFileType = image.png; path = "Default-Portrait.png"; sourceTree = "<group>"; };
		E880670F1C15FD0A008D2C50 /* Default-Portrait@2x.png */ = {isa = PBXFileReference; lastKnownFileType = image.png; path = "Default-Portrait@2x.png"; sourceTree = "<group>"; };
		E88067101C15FD0A008D2C50 /* Default.png */ = {isa = PBXFileReference; lastKnownFileType = image.png; path = Default.png; sourceTree = "<group>"; };
		E88067111C15FD0A008D2C50 /* Default@2x.png */ = {isa = PBXFileReference; lastKnownFileType = image.png; path = "Default@2x.png"; sourceTree = "<group>"; };
		E88067131C15FD0A008D2C50 /* Icon-120.png */ = {isa = PBXFileReference; lastKnownFileType = image.png; path = "Icon-120.png"; sourceTree = "<group>"; };
		E88067141C15FD0A008D2C50 /* Icon-152.png */ = {isa = PBXFileReference; lastKnownFileType = image.png; path = "Icon-152.png"; sourceTree = "<group>"; };
		E88067151C15FD0A008D2C50 /* Icon-72.png */ = {isa = PBXFileReference; lastKnownFileType = image.png; path = "Icon-72.png"; sourceTree = "<group>"; };
		E88067161C15FD0A008D2C50 /* Icon-76.png */ = {isa = PBXFileReference; lastKnownFileType = image.png; path = "Icon-76.png"; sourceTree = "<group>"; };
		E88067171C15FD0A008D2C50 /* Icon-Small-100.png */ = {isa = PBXFileReference; lastKnownFileType = image.png; path = "Icon-Small-100.png"; sourceTree = "<group>"; };
		E88067181C15FD0A008D2C50 /* Icon-Small-50.png */ = {isa = PBXFileReference; lastKnownFileType = image.png; path = "Icon-Small-50.png"; sourceTree = "<group>"; };
		E88067191C15FD0A008D2C50 /* Icon-Small.png */ = {isa = PBXFileReference; lastKnownFileType = image.png; path = "Icon-Small.png"; sourceTree = "<group>"; };
		E880671A1C15FD0A008D2C50 /* Icon-Small@2x.png */ = {isa = PBXFileReference; lastKnownFileType = image.png; path = "Icon-Small@2x.png"; sourceTree = "<group>"; };
		E880671B1C15FD0A008D2C50 /* Icon.png */ = {isa = PBXFileReference; lastKnownFileType = image.png; path = Icon.png; sourceTree = "<group>"; };
		E880671C1C15FD0A008D2C50 /* Icon@2x.png */ = {isa = PBXFileReference; lastKnownFileType = image.png; path = "Icon@2x.png"; sourceTree = "<group>"; };
		E880671D1C15FD0A008D2C50 /* Tab-bar-icon.png */ = {isa = PBXFileReference; lastKnownFileType = image.png; path = "Tab-bar-icon.png"; sourceTree = "<group>"; };
		E880671E1C15FD0A008D2C50 /* toolbar-icon.png */ = {isa = PBXFileReference; lastKnownFileType = image.png; path = "toolbar-icon.png"; sourceTree = "<group>"; };
		E88067201C15FD0A008D2C50 /* iTunesArtwork */ = {isa = PBXFileReference; lastKnownFileType = file; path = iTunesArtwork; sourceTree = "<group>"; };
		E88067211C15FD0A008D2C50 /* iTunesArtwork@2x */ = {isa = PBXFileReference; lastKnownFileType = file; path = "iTunesArtwork@2x"; sourceTree = "<group>"; };
		E880673B1C15FD2C008D2C50 /* Images.xcassets */ = {isa = PBXFileReference; lastKnownFileType = folder.assetcatalog; path = Images.xcassets; sourceTree = "<group>"; };
/* End PBXFileReference section */

/* Begin PBXFrameworksBuildPhase section */
		E83EC3491BA4B48C00925856 /* Frameworks */ = {
			isa = PBXFrameworksBuildPhase;
			buildActionMask = 2147483647;
			files = (
			);
			runOnlyForDeploymentPostprocessing = 0;
		};
		E83EC35D1BA4B48C00925856 /* Frameworks */ = {
			isa = PBXFrameworksBuildPhase;
			buildActionMask = 2147483647;
			files = (
			);
			runOnlyForDeploymentPostprocessing = 0;
		};
		E83EC3681BA4B48C00925856 /* Frameworks */ = {
			isa = PBXFrameworksBuildPhase;
			buildActionMask = 2147483647;
			files = (
			);
			runOnlyForDeploymentPostprocessing = 0;
		};
/* End PBXFrameworksBuildPhase section */

/* Begin PBXGroup section */
		E83EC3431BA4B48C00925856 = {
			isa = PBXGroup;
			children = (
				E83EC34E1BA4B48C00925856 /* DroppedDOMs */,
				E83EC3631BA4B48C00925856 /* DroppedDOMsTests */,
				E83EC36E1BA4B48C00925856 /* DroppedDOMsUITests */,
				E83EC34D1BA4B48C00925856 /* Products */,
			);
			sourceTree = "<group>";
		};
		E83EC34D1BA4B48C00925856 /* Products */ = {
			isa = PBXGroup;
			children = (
				E83EC34C1BA4B48C00925856 /* DroppedDOMs.app */,
				E83EC3601BA4B48C00925856 /* DroppedDOMsTests.xctest */,
				E83EC36B1BA4B48C00925856 /* DroppedDOMsUITests.xctest */,
			);
			name = Products;
			sourceTree = "<group>";
		};
		E83EC34E1BA4B48C00925856 /* DroppedDOMs */ = {
			isa = PBXGroup;
			children = (
				E83EC3831BA4B5B000925856 /* DroppedDOMs.swift */,
				E83EC37F1BA4B59700925856 /* Keychain.swift */,
				E83EC3801BA4B59700925856 /* LiveAPI.swift */,
				E83EC34F1BA4B48C00925856 /* AppDelegate.swift */,
				E83EC3511BA4B48C00925856 /* ViewController.swift */,
				E83EC3531BA4B48C00925856 /* Main.storyboard */,
				E88067051C15FD0A008D2C50 /* ios */,
				E83EC3581BA4B48C00925856 /* LaunchScreen.storyboard */,
				E83EC35B1BA4B48C00925856 /* Info.plist */,
				E880673B1C15FD2C008D2C50 /* Images.xcassets */,
			);
			path = DroppedDOMs;
			sourceTree = "<group>";
		};
		E83EC3631BA4B48C00925856 /* DroppedDOMsTests */ = {
			isa = PBXGroup;
			children = (
				E83EC3891BA4BF7000925856 /* TestUtil.swift */,
				E83EC3851BA4B5D600925856 /* LiveAPITests.swift */,
				E83EC3861BA4B5D600925856 /* RestAPITests.swift */,
				E83EC3641BA4B48C00925856 /* DroppedDOMsTests.swift */,
				E83EC3661BA4B48C00925856 /* Info.plist */,
			);
			path = DroppedDOMsTests;
			sourceTree = "<group>";
		};
		E83EC36E1BA4B48C00925856 /* DroppedDOMsUITests */ = {
			isa = PBXGroup;
			children = (
				E83EC36F1BA4B48C00925856 /* DroppedDOMsUITests.swift */,
				E83EC3711BA4B48C00925856 /* Info.plist */,
			);
			path = DroppedDOMsUITests;
			sourceTree = "<group>";
		};
		E88067051C15FD0A008D2C50 /* ios */ = {
			isa = PBXGroup;
			children = (
				E88067061C15FD0A008D2C50 /* default */,
				E88067121C15FD0A008D2C50 /* icon */,
				E880671F1C15FD0A008D2C50 /* itunes */,
			);
			path = ios;
			sourceTree = "<group>";
		};
		E88067061C15FD0A008D2C50 /* default */ = {
			isa = PBXGroup;
			children = (
				E88067071C15FD0A008D2C50 /* Default-568h@2x.png */,
				E88067081C15FD0A008D2C50 /* Default-Landscape-1536h */,
				E88067091C15FD0A008D2C50 /* Default-Landscape-768h */,
				E880670A1C15FD0A008D2C50 /* Default-Landscape.png */,
				E880670B1C15FD0A008D2C50 /* Default-Landscape@2x.png */,
				E880670C1C15FD0A008D2C50 /* Default-Portrait-1024h */,
				E880670D1C15FD0A008D2C50 /* Default-Portrait-2048h */,
				E880670E1C15FD0A008D2C50 /* Default-Portrait.png */,
				E880670F1C15FD0A008D2C50 /* Default-Portrait@2x.png */,
				E88067101C15FD0A008D2C50 /* Default.png */,
				E88067111C15FD0A008D2C50 /* Default@2x.png */,
			);
			path = default;
			sourceTree = "<group>";
		};
		E88067121C15FD0A008D2C50 /* icon */ = {
			isa = PBXGroup;
			children = (
				E88067131C15FD0A008D2C50 /* Icon-120.png */,
				E88067141C15FD0A008D2C50 /* Icon-152.png */,
				E88067151C15FD0A008D2C50 /* Icon-72.png */,
				E88067161C15FD0A008D2C50 /* Icon-76.png */,
				E88067171C15FD0A008D2C50 /* Icon-Small-100.png */,
				E88067181C15FD0A008D2C50 /* Icon-Small-50.png */,
				E88067191C15FD0A008D2C50 /* Icon-Small.png */,
				E880671A1C15FD0A008D2C50 /* Icon-Small@2x.png */,
				E880671B1C15FD0A008D2C50 /* Icon.png */,
				E880671C1C15FD0A008D2C50 /* Icon@2x.png */,
				E880671D1C15FD0A008D2C50 /* Tab-bar-icon.png */,
				E880671E1C15FD0A008D2C50 /* toolbar-icon.png */,
			);
			path = icon;
			sourceTree = "<group>";
		};
		E880671F1C15FD0A008D2C50 /* itunes */ = {
			isa = PBXGroup;
			children = (
				E88067201C15FD0A008D2C50 /* iTunesArtwork */,
				E88067211C15FD0A008D2C50 /* iTunesArtwork@2x */,
			);
			path = itunes;
			sourceTree = "<group>";
		};
/* End PBXGroup section */

/* Begin PBXNativeTarget section */
		E83EC34B1BA4B48C00925856 /* DroppedDOMs */ = {
			isa = PBXNativeTarget;
			buildConfigurationList = E83EC3741BA4B48C00925856 /* Build configuration list for PBXNativeTarget "DroppedDOMs" */;
			buildPhases = (
				E83EC3481BA4B48C00925856 /* Sources */,
				E83EC3491BA4B48C00925856 /* Frameworks */,
				E83EC34A1BA4B48C00925856 /* Resources */,
			);
			buildRules = (
			);
			dependencies = (
			);
			name = DroppedDOMs;
			productName = DroppedDOMs;
			productReference = E83EC34C1BA4B48C00925856 /* DroppedDOMs.app */;
			productType = "com.apple.product-type.application";
		};
		E83EC35F1BA4B48C00925856 /* DroppedDOMsTests */ = {
			isa = PBXNativeTarget;
			buildConfigurationList = E83EC3771BA4B48C00925856 /* Build configuration list for PBXNativeTarget "DroppedDOMsTests" */;
			buildPhases = (
				E83EC35C1BA4B48C00925856 /* Sources */,
				E83EC35D1BA4B48C00925856 /* Frameworks */,
				E83EC35E1BA4B48C00925856 /* Resources */,
			);
			buildRules = (
			);
			dependencies = (
				E83EC3621BA4B48C00925856 /* PBXTargetDependency */,
			);
			name = DroppedDOMsTests;
			productName = DroppedDOMsTests;
			productReference = E83EC3601BA4B48C00925856 /* DroppedDOMsTests.xctest */;
			productType = "com.apple.product-type.bundle.unit-test";
		};
		E83EC36A1BA4B48C00925856 /* DroppedDOMsUITests */ = {
			isa = PBXNativeTarget;
			buildConfigurationList = E83EC37A1BA4B48C00925856 /* Build configuration list for PBXNativeTarget "DroppedDOMsUITests" */;
			buildPhases = (
				E83EC3671BA4B48C00925856 /* Sources */,
				E83EC3681BA4B48C00925856 /* Frameworks */,
				E83EC3691BA4B48C00925856 /* Resources */,
			);
			buildRules = (
			);
			dependencies = (
				E83EC36D1BA4B48C00925856 /* PBXTargetDependency */,
			);
			name = DroppedDOMsUITests;
			productName = DroppedDOMsUITests;
			productReference = E83EC36B1BA4B48C00925856 /* DroppedDOMsUITests.xctest */;
			productType = "com.apple.product-type.bundle.ui-testing";
		};
/* End PBXNativeTarget section */

/* Begin PBXProject section */
		E83EC3441BA4B48C00925856 /* Project object */ = {
			isa = PBXProject;
			attributes = {
				LastUpgradeCheck = 0700;
				ORGANIZATIONNAME = "Dave Glowacki";
				TargetAttributes = {
					E83EC34B1BA4B48C00925856 = {
						CreatedOnToolsVersion = 7.0;
						DevelopmentTeam = TBPCQRS22G;
					};
					E83EC35F1BA4B48C00925856 = {
						CreatedOnToolsVersion = 7.0;
						TestTargetID = E83EC34B1BA4B48C00925856;
					};
					E83EC36A1BA4B48C00925856 = {
						CreatedOnToolsVersion = 7.0;
						TestTargetID = E83EC34B1BA4B48C00925856;
					};
				};
			};
			buildConfigurationList = E83EC3471BA4B48C00925856 /* Build configuration list for PBXProject "DroppedDOMs" */;
			compatibilityVersion = "Xcode 3.2";
			developmentRegion = English;
			hasScannedForEncodings = 0;
			knownRegions = (
				en,
				Base,
			);
			mainGroup = E83EC3431BA4B48C00925856;
			productRefGroup = E83EC34D1BA4B48C00925856 /* Products */;
			projectDirPath = "";
			projectRoot = "";
			targets = (
				E83EC34B1BA4B48C00925856 /* DroppedDOMs */,
				E83EC35F1BA4B48C00925856 /* DroppedDOMsTests */,
				E83EC36A1BA4B48C00925856 /* DroppedDOMsUITests */,
			);
		};
/* End PBXProject section */

/* Begin PBXResourcesBuildPhase section */
		E83EC34A1BA4B48C00925856 /* Resources */ = {
			isa = PBXResourcesBuildPhase;
			buildActionMask = 2147483647;
			files = (
				E88067321C15FD0A008D2C50 /* Icon-Small-50.png in Resources */,
				E88067391C15FD0A008D2C50 /* iTunesArtwork in Resources */,
				E88067311C15FD0A008D2C50 /* Icon-Small-100.png in Resources */,
				E880673A1C15FD0A008D2C50 /* iTunesArtwork@2x in Resources */,
				E880672D1C15FD0A008D2C50 /* Icon-120.png in Resources */,
				E88067231C15FD0A008D2C50 /* Default-Landscape-1536h in Resources */,
				E88067271C15FD0A008D2C50 /* Default-Portrait-1024h in Resources */,
				E88067361C15FD0A008D2C50 /* Icon@2x.png in Resources */,
				E83EC35A1BA4B48C00925856 /* LaunchScreen.storyboard in Resources */,
				E880673C1C15FD2C008D2C50 /* Images.xcassets in Resources */,
				E88067341C15FD0A008D2C50 /* Icon-Small@2x.png in Resources */,
				E880672A1C15FD0A008D2C50 /* Default-Portrait@2x.png in Resources */,
				E88067351C15FD0A008D2C50 /* Icon.png in Resources */,
				E88067371C15FD0A008D2C50 /* Tab-bar-icon.png in Resources */,
				E880672C1C15FD0A008D2C50 /* Default@2x.png in Resources */,
				E88067331C15FD0A008D2C50 /* Icon-Small.png in Resources */,
				E88067261C15FD0A008D2C50 /* Default-Landscape@2x.png in Resources */,
				E83EC3551BA4B48C00925856 /* Main.storyboard in Resources */,
				E88067241C15FD0A008D2C50 /* Default-Landscape-768h in Resources */,
				E880672B1C15FD0A008D2C50 /* Default.png in Resources */,
				E88067281C15FD0A008D2C50 /* Default-Portrait-2048h in Resources */,
				E88067221C15FD0A008D2C50 /* Default-568h@2x.png in Resources */,
				E88067301C15FD0A008D2C50 /* Icon-76.png in Resources */,
				E88067291C15FD0A008D2C50 /* Default-Portrait.png in Resources */,
				E880672F1C15FD0A008D2C50 /* Icon-72.png in Resources */,
				E88067381C15FD0A008D2C50 /* toolbar-icon.png in Resources */,
				E880672E1C15FD0A008D2C50 /* Icon-152.png in Resources */,
				E88067251C15FD0A008D2C50 /* Default-Landscape.png in Resources */,
			);
			runOnlyForDeploymentPostprocessing = 0;
		};
		E83EC35E1BA4B48C00925856 /* Resources */ = {
			isa = PBXResourcesBuildPhase;
			buildActionMask = 2147483647;
			files = (
			);
			runOnlyForDeploymentPostprocessing = 0;
		};
		E83EC3691BA4B48C00925856 /* Resources */ = {
			isa = PBXResourcesBuildPhase;
			buildActionMask = 2147483647;
			files = (
			);
			runOnlyForDeploymentPostprocessing = 0;
		};
/* End PBXResourcesBuildPhase section */

/* Begin PBXSourcesBuildPhase section */
		E83EC3481BA4B48C00925856 /* Sources */ = {
			isa = PBXSourcesBuildPhase;
			buildActionMask = 2147483647;
			files = (
				E83EC3811BA4B59700925856 /* Keychain.swift in Sources */,
				E83EC3521BA4B48C00925856 /* ViewController.swift in Sources */,
				E83EC3841BA4B5B000925856 /* DroppedDOMs.swift in Sources */,
				E83EC3821BA4B59700925856 /* LiveAPI.swift in Sources */,
				E83EC3501BA4B48C00925856 /* AppDelegate.swift in Sources */,
			);
			runOnlyForDeploymentPostprocessing = 0;
		};
		E83EC35C1BA4B48C00925856 /* Sources */ = {
			isa = PBXSourcesBuildPhase;
			buildActionMask = 2147483647;
			files = (
				E83EC3871BA4B5D600925856 /* LiveAPITests.swift in Sources */,
				E83EC3881BA4B5D600925856 /* RestAPITests.swift in Sources */,
				E83EC3651BA4B48C00925856 /* DroppedDOMsTests.swift in Sources */,
				E83EC38A1BA4BF7000925856 /* TestUtil.swift in Sources */,
			);
			runOnlyForDeploymentPostprocessing = 0;
		};
		E83EC3671BA4B48C00925856 /* Sources */ = {
			isa = PBXSourcesBuildPhase;
			buildActionMask = 2147483647;
			files = (
				E83EC3701BA4B48C00925856 /* DroppedDOMsUITests.swift in Sources */,
			);
			runOnlyForDeploymentPostprocessing = 0;
		};
/* End PBXSourcesBuildPhase section */

/* Begin PBXTargetDependency section */
		E83EC3621BA4B48C00925856 /* PBXTargetDependency */ = {
			isa = PBXTargetDependency;
			target = E83EC34B1BA4B48C00925856 /* DroppedDOMs */;
			targetProxy = E83EC3611BA4B48C00925856 /* PBXContainerItemProxy */;
		};
		E83EC36D1BA4B48C00925856 /* PBXTargetDependency */ = {
			isa = PBXTargetDependency;
			target = E83EC34B1BA4B48C00925856 /* DroppedDOMs */;
			targetProxy = E83EC36C1BA4B48C00925856 /* PBXContainerItemProxy */;
		};
/* End PBXTargetDependency section */

/* Begin PBXVariantGroup section */
		E83EC3531BA4B48C00925856 /* Main.storyboard */ = {
			isa = PBXVariantGroup;
			children = (
				E83EC3541BA4B48C00925856 /* Base */,
			);
			name = Main.storyboard;
			sourceTree = "<group>";
		};
		E83EC3581BA4B48C00925856 /* LaunchScreen.storyboard */ = {
			isa = PBXVariantGroup;
			children = (
				E83EC3591BA4B48C00925856 /* Base */,
			);
			name = LaunchScreen.storyboard;
			sourceTree = "<group>";
		};
/* End PBXVariantGroup section */

/* Begin XCBuildConfiguration section */
		E83EC3721BA4B48C00925856 /* Debug */ = {
			isa = XCBuildConfiguration;
			buildSettings = {
				ALWAYS_SEARCH_USER_PATHS = NO;
				CLANG_CXX_LANGUAGE_STANDARD = "gnu++0x";
				CLANG_CXX_LIBRARY = "libc++";
				CLANG_ENABLE_MODULES = YES;
				CLANG_ENABLE_OBJC_ARC = YES;
				CLANG_WARN_BOOL_CONVERSION = YES;
				CLANG_WARN_CONSTANT_CONVERSION = YES;
				CLANG_WARN_DIRECT_OBJC_ISA_USAGE = YES_ERROR;
				CLANG_WARN_EMPTY_BODY = YES;
				CLANG_WARN_ENUM_CONVERSION = YES;
				CLANG_WARN_INT_CONVERSION = YES;
				CLANG_WARN_OBJC_ROOT_CLASS = YES_ERROR;
				CLANG_WARN_UNREACHABLE_CODE = YES;
				CLANG_WARN__DUPLICATE_METHOD_MATCH = YES;
				"CODE_SIGN_IDENTITY[sdk=iphoneos*]" = "iPhone Developer";
				COPY_PHASE_STRIP = NO;
				DEBUG_INFORMATION_FORMAT = dwarf;
				ENABLE_STRICT_OBJC_MSGSEND = YES;
				ENABLE_TESTABILITY = YES;
				GCC_C_LANGUAGE_STANDARD = gnu99;
				GCC_DYNAMIC_NO_PIC = NO;
				GCC_NO_COMMON_BLOCKS = YES;
				GCC_OPTIMIZATION_LEVEL = 0;
				GCC_PREPROCESSOR_DEFINITIONS = (
					"DEBUG=1",
					"$(inherited)",
				);
				GCC_WARN_64_TO_32_BIT_CONVERSION = YES;
				GCC_WARN_ABOUT_RETURN_TYPE = YES_ERROR;
				GCC_WARN_UNDECLARED_SELECTOR = YES;
				GCC_WARN_UNINITIALIZED_AUTOS = YES_AGGRESSIVE;
				GCC_WARN_UNUSED_FUNCTION = YES;
				GCC_WARN_UNUSED_VARIABLE = YES;
				IPHONEOS_DEPLOYMENT_TARGET = 9.0;
				MTL_ENABLE_DEBUG_INFO = YES;
				ONLY_ACTIVE_ARCH = YES;
				SDKROOT = iphoneos;
				SWIFT_OPTIMIZATION_LEVEL = "-Onone";
				TARGETED_DEVICE_FAMILY = "1,2";
			};
			name = Debug;
		};
		E83EC3731BA4B48C00925856 /* Release */ = {
			isa = XCBuildConfiguration;
			buildSettings = {
				ALWAYS_SEARCH_USER_PATHS = NO;
				CLANG_CXX_LANGUAGE_STANDARD = "gnu++0x";
				CLANG_CXX_LIBRARY = "libc++";
				CLANG_ENABLE_MODULES = YES;
				CLANG_ENABLE_OBJC_ARC = YES;
				CLANG_WARN_BOOL_CONVERSION = YES;
				CLANG_WARN_CONSTANT_CONVERSION = YES;
				CLANG_WARN_DIRECT_OBJC_ISA_USAGE = YES_ERROR;
				CLANG_WARN_EMPTY_BODY = YES;
				CLANG_WARN_ENUM_CONVERSION = YES;
				CLANG_WARN_INT_CONVERSION = YES;
				CLANG_WARN_OBJC_ROOT_CLASS = YES_ERROR;
				CLANG_WARN_UNREACHABLE_CODE = YES;
				CLANG_WARN__DUPLICATE_METHOD_MATCH = YES;
				"CODE_SIGN_IDENTITY[sdk=iphoneos*]" = "iPhone Developer";
				COPY_PHASE_STRIP = NO;
				DEBUG_INFORMATION_FORMAT = "dwarf-with-dsym";
				ENABLE_NS_ASSERTIONS = NO;
				ENABLE_STRICT_OBJC_MSGSEND = YES;
				GCC_C_LANGUAGE_STANDARD = gnu99;
				GCC_NO_COMMON_BLOCKS = YES;
				GCC_WARN_64_TO_32_BIT_CONVERSION = YES;
				GCC_WARN_ABOUT_RETURN_TYPE = YES_ERROR;
				GCC_WARN_UNDECLARED_SELECTOR = YES;
				GCC_WARN_UNINITIALIZED_AUTOS = YES_AGGRESSIVE;
				GCC_WARN_UNUSED_FUNCTION = YES;
				GCC_WARN_UNUSED_VARIABLE = YES;
				IPHONEOS_DEPLOYMENT_TARGET = 9.0;
				MTL_ENABLE_DEBUG_INFO = NO;
				SDKROOT = iphoneos;
				TARGETED_DEVICE_FAMILY = "1,2";
				VALIDATE_PRODUCT = YES;
			};
			name = Release;
		};
		E83EC3751BA4B48C00925856 /* Debug */ = {
			isa = XCBuildConfiguration;
			buildSettings = {
				ASSETCATALOG_COMPILER_APPICON_NAME = AppIcon;
				ASSETCATALOG_COMPILER_LAUNCHIMAGE_NAME = "Brand Assets";
				CODE_SIGN_IDENTITY = "iPhone Developer";
				INFOPLIST_FILE = DroppedDOMs/Info.plist;
				LD_RUNPATH_SEARCH_PATHS = "$(inherited) @executable_path/Frameworks";
				PRODUCT_BUNDLE_IDENTIFIER = org.glowacki.DroppedDOMs;
				PRODUCT_NAME = "$(TARGET_NAME)";
			};
			name = Debug;
		};
		E83EC3761BA4B48C00925856 /* Release */ = {
			isa = XCBuildConfiguration;
			buildSettings = {
				ASSETCATALOG_COMPILER_APPICON_NAME = AppIcon;
				ASSETCATALOG_COMPILER_LAUNCHIMAGE_NAME = "Brand Assets";
				CODE_SIGN_IDENTITY = "iPhone Developer";
				INFOPLIST_FILE = DroppedDOMs/Info.plist;
				LD_RUNPATH_SEARCH_PATHS = "$(inherited) @executable_path/Frameworks";
				PRODUCT_BUNDLE_IDENTIFIER = org.glowacki.DroppedDOMs;
				PRODUCT_NAME = "$(TARGET_NAME)";
			};
			name = Release;
		};
		E83EC3781BA4B48C00925856 /* Debug */ = {
			isa = XCBuildConfiguration;
			buildSettings = {
				BUNDLE_LOADER = "$(TEST_HOST)";
				INFOPLIST_FILE = DroppedDOMsTests/Info.plist;
				LD_RUNPATH_SEARCH_PATHS = "$(inherited) @executable_path/Frameworks @loader_path/Frameworks";
				PRODUCT_BUNDLE_IDENTIFIER = org.glowacki.DroppedDOMsTests;
				PRODUCT_NAME = "$(TARGET_NAME)";
				TEST_HOST = "$(BUILT_PRODUCTS_DIR)/DroppedDOMs.app/DroppedDOMs";
			};
			name = Debug;
		};
		E83EC3791BA4B48C00925856 /* Release */ = {
			isa = XCBuildConfiguration;
			buildSettings = {
				BUNDLE_LOADER = "$(TEST_HOST)";
				INFOPLIST_FILE = DroppedDOMsTests/Info.plist;
				LD_RUNPATH_SEARCH_PATHS = "$(inherited) @executable_path/Frameworks @loader_path/Frameworks";
				PRODUCT_BUNDLE_IDENTIFIER = org.glowacki.DroppedDOMsTests;
				PRODUCT_NAME = "$(TARGET_NAME)";
				TEST_HOST = "$(BUILT_PRODUCTS_DIR)/DroppedDOMs.app/DroppedDOMs";
			};
			name = Release;
		};
		E83EC37B1BA4B48C00925856 /* Debug */ = {
			isa = XCBuildConfiguration;
			buildSettings = {
				INFOPLIST_FILE = DroppedDOMsUITests/Info.plist;
				LD_RUNPATH_SEARCH_PATHS = "$(inherited) @executable_path/Frameworks @loader_path/Frameworks";
				PRODUCT_BUNDLE_IDENTIFIER = org.glowacki.DroppedDOMsUITests;
				PRODUCT_NAME = "$(TARGET_NAME)";
				TEST_TARGET_NAME = DroppedDOMs;
				USES_XCTRUNNER = YES;
			};
			name = Debug;
		};
		E83EC37C1BA4B48C00925856 /* Release */ = {
			isa = XCBuildConfiguration;
			buildSettings = {
				INFOPLIST_FILE = DroppedDOMsUITests/Info.plist;
				LD_RUNPATH_SEARCH_PATHS = "$(inherited) @executable_path/Frameworks @loader_path/Frameworks";
				PRODUCT_BUNDLE_IDENTIFIER = org.glowacki.DroppedDOMsUITests;
				PRODUCT_NAME = "$(TARGET_NAME)";
				TEST_TARGET_NAME = DroppedDOMs;
				USES_XCTRUNNER = YES;
			};
			name = Release;
		};
/* End XCBuildConfiguration section */

/* Begin XCConfigurationList section */
		E83EC3471BA4B48C00925856 /* Build configuration list for PBXProject "DroppedDOMs" */ = {
			isa = XCConfigurationList;
			buildConfigurations = (
				E83EC3721BA4B48C00925856 /* Debug */,
				E83EC3731BA4B48C00925856 /* Release */,
			);
			defaultConfigurationIsVisible = 0;
			defaultConfigurationName = Release;
		};
		E83EC3741BA4B48C00925856 /* Build configuration list for PBXNativeTarget "DroppedDOMs" */ = {
			isa = XCConfigurationList;
			buildConfigurations = (
				E83EC3751BA4B48C00925856 /* Debug */,
				E83EC3761BA4B48C00925856 /* Release */,
			);
			defaultConfigurationIsVisible = 0;
			defaultConfigurationName = Release;
		};
		E83EC3771BA4B48C00925856 /* Build configuration list for PBXNativeTarget "DroppedDOMsTests" */ = {
			isa = XCConfigurationList;
			buildConfigurations = (
				E83EC3781BA4B48C00925856 /* Debug */,
				E83EC3791BA4B48C00925856 /* Release */,
			);
			defaultConfigurationIsVisible = 0;
			defaultConfigurationName = Release;
		};
		E83EC37A1BA4B48C00925856 /* Build configuration list for PBXNativeTarget "DroppedDOMsUITests" */ = {
			isa = XCConfigurationList;
			buildConfigurations = (
				E83EC37B1BA4B48C00925856 /* Debug */,
				E83EC37C1BA4B48C00925856 /* Release */,
			);
			defaultConfigurationIsVisible = 0;
			defaultConfigurationName = Release;
		};
/* End XCConfigurationList section */
	};
	rootObject = E83EC3441BA4B48C00925856 /* Project object */;
}
